// !$*UTF8*$!
{
	archiveVersion = 1;
	classes = {
	};
	objectVersion = 77;
	objects = {

/* Begin PBXBuildFile section */
		7F1087672D79CE48004DEB92 /* AppDelegate.swift in Sources */ = {isa = PBXBuildFile; fileRef = 7F10875D2D79CE48004DEB92 /* AppDelegate.swift */; };
		7F1087682D79CE48004DEB92 /* SceneDelegate.swift in Sources */ = {isa = PBXBuildFile; fileRef = 7F1087642D79CE48004DEB92 /* SceneDelegate.swift */; };
		7F10876A2D79CE48004DEB92 /* Assets.xcassets in Resources */ = {isa = PBXBuildFile; fileRef = 7F10875E2D79CE48004DEB92 /* Assets.xcassets */; };
		7F1087742D79CF69004DEB92 /* PhotoItem.swift in Sources */ = {isa = PBXBuildFile; fileRef = 7F1087732D79CF5B004DEB92 /* PhotoItem.swift */; };
		7F1087762D79CF90004DEB92 /* PasscodeViewController.swift in Sources */ = {isa = PBXBuildFile; fileRef = 7F1087752D79CF8A004DEB92 /* PasscodeViewController.swift */; };
		7F1087782D79CFA5004DEB92 /* GalleryViewController.swift in Sources */ = {isa = PBXBuildFile; fileRef = 7F1087772D79CFA0004DEB92 /* GalleryViewController.swift */; };
		7F10877A2D79CFCC004DEB92 /* PhotoDetailViewController.swift in Sources */ = {isa = PBXBuildFile; fileRef = 7F1087792D79CFC6004DEB92 /* PhotoDetailViewController.swift */; };
		7F10877C2D79CFFD004DEB92 /* SecurityManager.swift in Sources */ = {isa = PBXBuildFile; fileRef = 7F10877B2D79CFF7004DEB92 /* SecurityManager.swift */; };
		7F10877E2D79D014004DEB92 /* PhotoStorageManager.swift in Sources */ = {isa = PBXBuildFile; fileRef = 7F10877D2D79D00F004DEB92 /* PhotoStorageManager.swift */; };
		7F1087802D79D02A004DEB92 /* BackupManager.swift in Sources */ = {isa = PBXBuildFile; fileRef = 7F10877F2D79D026004DEB92 /* BackupManager.swift */; };
		7F1087822D79D060004DEB92 /* Errors.swift in Sources */ = {isa = PBXBuildFile; fileRef = 7F1087812D79D05C004DEB92 /* Errors.swift */; };
		7F1087852D79D2DB004DEB92 /* Zip in Frameworks */ = {isa = PBXBuildFile; productRef = 7F1087842D79D2DB004DEB92 /* Zip */; };
/* End PBXBuildFile section */

/* Begin PBXFileReference section */
		7F1087452D79CDFA004DEB92 /* PrivatePhotoVault.app */ = {isa = PBXFileReference; explicitFileType = wrapper.application; includeInIndex = 0; path = PrivatePhotoVault.app; sourceTree = BUILT_PRODUCTS_DIR; };
		7F10875D2D79CE48004DEB92 /* AppDelegate.swift */ = {isa = PBXFileReference; lastKnownFileType = sourcecode.swift; path = AppDelegate.swift; sourceTree = "<group>"; };
		7F10875E2D79CE48004DEB92 /* Assets.xcassets */ = {isa = PBXFileReference; lastKnownFileType = folder.assetcatalog; path = Assets.xcassets; sourceTree = "<group>"; };
		7F10875F2D79CE48004DEB92 /* Info.plist */ = {isa = PBXFileReference; lastKnownFileType = text.plist.xml; path = Info.plist; sourceTree = "<group>"; };
		7F1087642D79CE48004DEB92 /* SceneDelegate.swift */ = {isa = PBXFileReference; lastKnownFileType = sourcecode.swift; path = SceneDelegate.swift; sourceTree = "<group>"; };
		7F1087732D79CF5B004DEB92 /* PhotoItem.swift */ = {isa = PBXFileReference; lastKnownFileType = sourcecode.swift; path = PhotoItem.swift; sourceTree = "<group>"; };
		7F1087752D79CF8A004DEB92 /* PasscodeViewController.swift */ = {isa = PBXFileReference; lastKnownFileType = sourcecode.swift; path = PasscodeViewController.swift; sourceTree = "<group>"; };
		7F1087772D79CFA0004DEB92 /* GalleryViewController.swift */ = {isa = PBXFileReference; lastKnownFileType = sourcecode.swift; path = GalleryViewController.swift; sourceTree = "<group>"; };
		7F1087792D79CFC6004DEB92 /* PhotoDetailViewController.swift */ = {isa = PBXFileReference; lastKnownFileType = sourcecode.swift; path = PhotoDetailViewController.swift; sourceTree = "<group>"; };
		7F10877B2D79CFF7004DEB92 /* SecurityManager.swift */ = {isa = PBXFileReference; lastKnownFileType = sourcecode.swift; path = SecurityManager.swift; sourceTree = "<group>"; };
		7F10877D2D79D00F004DEB92 /* PhotoStorageManager.swift */ = {isa = PBXFileReference; lastKnownFileType = sourcecode.swift; path = PhotoStorageManager.swift; sourceTree = "<group>"; };
		7F10877F2D79D026004DEB92 /* BackupManager.swift */ = {isa = PBXFileReference; lastKnownFileType = sourcecode.swift; path = BackupManager.swift; sourceTree = "<group>"; };
		7F1087812D79D05C004DEB92 /* Errors.swift */ = {isa = PBXFileReference; lastKnownFileType = sourcecode.swift; path = Errors.swift; sourceTree = "<group>"; };
/* End PBXFileReference section */

/* Begin PBXFrameworksBuildPhase section */
		7F1087422D79CDFA004DEB92 /* Frameworks */ = {
			isa = PBXFrameworksBuildPhase;
			buildActionMask = 2147483647;
			files = (
				7F1087852D79D2DB004DEB92 /* Zip in Frameworks */,
			);
			runOnlyForDeploymentPostprocessing = 0;
		};
/* End PBXFrameworksBuildPhase section */

/* Begin PBXGroup section */
		7F10873C2D79CDFA004DEB92 = {
			isa = PBXGroup;
			children = (
				7F1087662D79CE48004DEB92 /* PrivatePhotoVault */,
				7F1087462D79CDFA004DEB92 /* Products */,
			);
			sourceTree = "<group>";
		};
		7F1087462D79CDFA004DEB92 /* Products */ = {
			isa = PBXGroup;
			children = (
				7F1087452D79CDFA004DEB92 /* PrivatePhotoVault.app */,
			);
			name = Products;
			sourceTree = "<group>";
		};
		7F1087662D79CE48004DEB92 /* PrivatePhotoVault */ = {
			isa = PBXGroup;
			children = (
				7F1087702D79CE88004DEB92 /* Helpers */,
				7F10876F2D79CE77004DEB92 /* Views */,
				7F10876E2D79CE54004DEB92 /* Models */,
				7F10875D2D79CE48004DEB92 /* AppDelegate.swift */,
				7F10875E2D79CE48004DEB92 /* Assets.xcassets */,
				7F10875F2D79CE48004DEB92 /* Info.plist */,
				7F1087642D79CE48004DEB92 /* SceneDelegate.swift */,
			);
			path = PrivatePhotoVault;
			sourceTree = "<group>";
		};
		7F10876E2D79CE54004DEB92 /* Models */ = {
			isa = PBXGroup;
			children = (
				7F1087732D79CF5B004DEB92 /* PhotoItem.swift */,
			);
			path = Models;
			sourceTree = "<group>";
		};
		7F10876F2D79CE77004DEB92 /* Views */ = {
			isa = PBXGroup;
			children = (
				7F1087792D79CFC6004DEB92 /* PhotoDetailViewController.swift */,
				7F1087772D79CFA0004DEB92 /* GalleryViewController.swift */,
				7F1087752D79CF8A004DEB92 /* PasscodeViewController.swift */,
			);
			path = Views;
			sourceTree = "<group>";
		};
		7F1087702D79CE88004DEB92 /* Helpers */ = {
			isa = PBXGroup;
			children = (
				7F1087812D79D05C004DEB92 /* Errors.swift */,
				7F10877F2D79D026004DEB92 /* BackupManager.swift */,
				7F10877D2D79D00F004DEB92 /* PhotoStorageManager.swift */,
				7F10877B2D79CFF7004DEB92 /* SecurityManager.swift */,
			);
			path = Helpers;
			sourceTree = "<group>";
		};
/* End PBXGroup section */

/* Begin PBXNativeTarget section */
		7F1087442D79CDFA004DEB92 /* PrivatePhotoVault */ = {
			isa = PBXNativeTarget;
			buildConfigurationList = 7F1087582D79CDFC004DEB92 /* Build configuration list for PBXNativeTarget "PrivatePhotoVault" */;
			buildPhases = (
				7F1087412D79CDFA004DEB92 /* Sources */,
				7F1087422D79CDFA004DEB92 /* Frameworks */,
				7F1087432D79CDFA004DEB92 /* Resources */,
			);
			buildRules = (
			);
			dependencies = (
			);
			name = PrivatePhotoVault;
			packageProductDependencies = (
				7F1087842D79D2DB004DEB92 /* Zip */,
			);
			productName = PrivatePhotoVault;
			productReference = 7F1087452D79CDFA004DEB92 /* PrivatePhotoVault.app */;
			productType = "com.apple.product-type.application";
		};
/* End PBXNativeTarget section */

/* Begin PBXProject section */
		7F10873D2D79CDFA004DEB92 /* Project object */ = {
			isa = PBXProject;
			attributes = {
				BuildIndependentTargetsInParallel = 1;
				LastSwiftUpdateCheck = 1620;
				LastUpgradeCheck = 1620;
				TargetAttributes = {
					7F1087442D79CDFA004DEB92 = {
						CreatedOnToolsVersion = 16.2;
					};
				};
			};
			buildConfigurationList = 7F1087402D79CDFA004DEB92 /* Build configuration list for PBXProject "PrivatePhotoVault" */;
			developmentRegion = en;
			hasScannedForEncodings = 0;
			knownRegions = (
				en,
				Base,
			);
			mainGroup = 7F10873C2D79CDFA004DEB92;
			minimizedProjectReferenceProxies = 1;
			packageReferences = (
				7F1087832D79D2DB004DEB92 /* XCRemoteSwiftPackageReference "Zip" */,
			);
			preferredProjectObjectVersion = 77;
			productRefGroup = 7F1087462D79CDFA004DEB92 /* Products */;
			projectDirPath = "";
			projectRoot = "";
			targets = (
				7F1087442D79CDFA004DEB92 /* PrivatePhotoVault */,
			);
		};
/* End PBXProject section */

/* Begin PBXResourcesBuildPhase section */
		7F1087432D79CDFA004DEB92 /* Resources */ = {
			isa = PBXResourcesBuildPhase;
			buildActionMask = 2147483647;
			files = (
				7F10876A2D79CE48004DEB92 /* Assets.xcassets in Resources */,
			);
			runOnlyForDeploymentPostprocessing = 0;
		};
/* End PBXResourcesBuildPhase section */

/* Begin PBXSourcesBuildPhase section */
		7F1087412D79CDFA004DEB92 /* Sources */ = {
			isa = PBXSourcesBuildPhase;
			buildActionMask = 2147483647;
			files = (
				7F10877A2D79CFCC004DEB92 /* PhotoDetailViewController.swift in Sources */,
				7F1087762D79CF90004DEB92 /* PasscodeViewController.swift in Sources */,
				7F1087672D79CE48004DEB92 /* AppDelegate.swift in Sources */,
				7F1087782D79CFA5004DEB92 /* GalleryViewController.swift in Sources */,
				7F1087802D79D02A004DEB92 /* BackupManager.swift in Sources */,
				7F1087682D79CE48004DEB92 /* SceneDelegate.swift in Sources */,
				7F1087822D79D060004DEB92 /* Errors.swift in Sources */,
				7F1087742D79CF69004DEB92 /* PhotoItem.swift in Sources */,
				7F10877E2D79D014004DEB92 /* PhotoStorageManager.swift in Sources */,
				7F10877C2D79CFFD004DEB92 /* SecurityManager.swift in Sources */,
			);
			runOnlyForDeploymentPostprocessing = 0;
		};
/* End PBXSourcesBuildPhase section */

/* Begin XCBuildConfiguration section */
		7F1087592D79CDFC004DEB92 /* Debug */ = {
			isa = XCBuildConfiguration;
			buildSettings = {
				ASSETCATALOG_COMPILER_APPICON_NAME = AppIcon;
				ASSETCATALOG_COMPILER_GLOBAL_ACCENT_COLOR_NAME = AccentColor;
				CODE_SIGN_STYLE = Automatic;
				CURRENT_PROJECT_VERSION = 1;
				DEVELOPMENT_TEAM = BY9L3NS4TD;
				GENERATE_INFOPLIST_FILE = YES;
				INFOPLIST_FILE = PrivatePhotoVault/Info.plist;
				INFOPLIST_KEY_UIApplicationSupportsIndirectInputEvents = YES;
				INFOPLIST_KEY_UILaunchStoryboardName = LaunchScreen;
				INFOPLIST_KEY_UISupportedInterfaceOrientations_iPad = "UIInterfaceOrientationPortrait UIInterfaceOrientationPortraitUpsideDown UIInterfaceOrientationLandscapeLeft UIInterfaceOrientationLandscapeRight";
				INFOPLIST_KEY_UISupportedInterfaceOrientations_iPhone = "UIInterfaceOrientationPortrait UIInterfaceOrientationLandscapeLeft UIInterfaceOrientationLandscapeRight";
				IPHONEOS_DEPLOYMENT_TARGET = 16.6;
				LD_RUNPATH_SEARCH_PATHS = (
					"$(inherited)",
					"@executable_path/Frameworks",
				);
				MARKETING_VERSION = 1.0;
				PRODUCT_BUNDLE_IDENTIFIER = com.aztty.PrivatePhotoVault;
				PRODUCT_NAME = "$(TARGET_NAME)";
				SWIFT_EMIT_LOC_STRINGS = YES;
				SWIFT_VERSION = 5.0;
				TARGETED_DEVICE_FAMILY = "1,2";
			};
			name = Debug;
		};
		7F10875A2D79CDFC004DEB92 /* Release */ = {
			isa = XCBuildConfiguration;
			buildSettings = {
				ASSETCATALOG_COMPILER_APPICON_NAME = AppIcon;
				ASSETCATALOG_COMPILER_GLOBAL_ACCENT_COLOR_NAME = AccentColor;
				CODE_SIGN_STYLE = Automatic;
				CURRENT_PROJECT_VERSION = 1;
				DEVELOPMENT_TEAM = BY9L3NS4TD;
				GENERATE_INFOPLIST_FILE = YES;
				INFOPLIST_FILE = PrivatePhotoVault/Info.plist;
				INFOPLIST_KEY_UIApplicationSupportsIndirectInputEvents = YES;
				INFOPLIST_KEY_UILaunchStoryboardName = LaunchScreen;
				INFOPLIST_KEY_UISupportedInterfaceOrientations_iPad = "UIInterfaceOrientationPortrait UIInterfaceOrientationPortraitUpsideDown UIInterfaceOrientationLandscapeLeft UIInterfaceOrientationLandscapeRight";
				INFOPLIST_KEY_UISupportedInterfaceOrientations_iPhone = "UIInterfaceOrientationPortrait UIInterfaceOrientationLandscapeLeft UIInterfaceOrientationLandscapeRight";
				IPHONEOS_DEPLOYMENT_TARGET = 16.6;
				LD_RUNPATH_SEARCH_PATHS = (
					"$(inherited)",
					"@executable_path/Frameworks",
				);
				MARKETING_VERSION = 1.0;
				PRODUCT_BUNDLE_IDENTIFIER = com.aztty.PrivatePhotoVault;
				PRODUCT_NAME = "$(TARGET_NAME)";
				SWIFT_EMIT_LOC_STRINGS = YES;
				SWIFT_VERSION = 5.0;
				TARGETED_DEVICE_FAMILY = "1,2";
			};
			name = Release;
		};
		7F10875B2D79CDFC004DEB92 /* Debug */ = {
			isa = XCBuildConfiguration;
			buildSettings = {
				ALWAYS_SEARCH_USER_PATHS = NO;
				ASSETCATALOG_COMPILER_GENERATE_SWIFT_ASSET_SYMBOL_EXTENSIONS = YES;
				CLANG_ANALYZER_NONNULL = YES;
				CLANG_ANALYZER_NUMBER_OBJECT_CONVERSION = YES_AGGRESSIVE;
				CLANG_CXX_LANGUAGE_STANDARD = "gnu++20";
				CLANG_ENABLE_MODULES = YES;
				CLANG_ENABLE_OBJC_ARC = YES;
				CLANG_ENABLE_OBJC_WEAK = YES;
				CLANG_WARN_BLOCK_CAPTURE_AUTORELEASING = YES;
				CLANG_WARN_BOOL_CONVERSION = YES;
				CLANG_WARN_COMMA = YES;
				CLANG_WARN_CONSTANT_CONVERSION = YES;
				CLANG_WARN_DEPRECATED_OBJC_IMPLEMENTATIONS = YES;
				CLANG_WARN_DIRECT_OBJC_ISA_USAGE = YES_ERROR;
				CLANG_WARN_DOCUMENTATION_COMMENTS = YES;
				CLANG_WARN_EMPTY_BODY = YES;
				CLANG_WARN_ENUM_CONVERSION = YES;
				CLANG_WARN_INFINITE_RECURSION = YES;
				CLANG_WARN_INT_CONVERSION = YES;
				CLANG_WARN_NON_LITERAL_NULL_CONVERSION = YES;
				CLANG_WARN_OBJC_IMPLICIT_RETAIN_SELF = YES;
				CLANG_WARN_OBJC_LITERAL_CONVERSION = YES;
				CLANG_WARN_OBJC_ROOT_CLASS = YES_ERROR;
				CLANG_WARN_QUOTED_INCLUDE_IN_FRAMEWORK_HEADER = YES;
				CLANG_WARN_RANGE_LOOP_ANALYSIS = YES;
				CLANG_WARN_STRICT_PROTOTYPES = YES;
				CLANG_WARN_SUSPICIOUS_MOVE = YES;
				CLANG_WARN_UNGUARDED_AVAILABILITY = YES_AGGRESSIVE;
				CLANG_WARN_UNREACHABLE_CODE = YES;
				CLANG_WARN__DUPLICATE_METHOD_MATCH = YES;
				COPY_PHASE_STRIP = NO;
				DEBUG_INFORMATION_FORMAT = dwarf;
				ENABLE_STRICT_OBJC_MSGSEND = YES;
				ENABLE_TESTABILITY = YES;
				ENABLE_USER_SCRIPT_SANDBOXING = YES;
				GCC_C_LANGUAGE_STANDARD = gnu17;
				GCC_DYNAMIC_NO_PIC = NO;
				GCC_NO_COMMON_BLOCKS = YES;
				GCC_OPTIMIZATION_LEVEL = 0;
				GCC_PREPROCESSOR_DEFINITIONS = (
					"DEBUG=1",
					"$(inherited)",
				);
				GCC_WARN_64_TO_32_BIT_CONVERSION = YES;
				GCC_WARN_ABOUT_RETURN_TYPE = YES_ERROR;
				GCC_WARN_UNDECLARED_SELECTOR = YES;
				GCC_WARN_UNINITIALIZED_AUTOS = YES_AGGRESSIVE;
				GCC_WARN_UNUSED_FUNCTION = YES;
				GCC_WARN_UNUSED_VARIABLE = YES;
				IPHONEOS_DEPLOYMENT_TARGET = 18.2;
				LOCALIZATION_PREFERS_STRING_CATALOGS = YES;
				MTL_ENABLE_DEBUG_INFO = INCLUDE_SOURCE;
				MTL_FAST_MATH = YES;
				ONLY_ACTIVE_ARCH = YES;
				SDKROOT = iphoneos;
				SWIFT_ACTIVE_COMPILATION_CONDITIONS = "DEBUG $(inherited)";
				SWIFT_OPTIMIZATION_LEVEL = "-Onone";
			};
			name = Debug;
		};
		7F10875C2D79CDFC004DEB92 /* Release */ = {
			isa = XCBuildConfiguration;
			buildSettings = {
				ALWAYS_SEARCH_USER_PATHS = NO;
				ASSETCATALOG_COMPILER_GENERATE_SWIFT_ASSET_SYMBOL_EXTENSIONS = YES;
				CLANG_ANALYZER_NONNULL = YES;
				CLANG_ANALYZER_NUMBER_OBJECT_CONVERSION = YES_AGGRESSIVE;
				CLANG_CXX_LANGUAGE_STANDARD = "gnu++20";
				CLANG_ENABLE_MODULES = YES;
				CLANG_ENABLE_OBJC_ARC = YES;
				CLANG_ENABLE_OBJC_WEAK = YES;
				CLANG_WARN_BLOCK_CAPTURE_AUTORELEASING = YES;
				CLANG_WARN_BOOL_CONVERSION = YES;
				CLANG_WARN_COMMA = YES;
				CLANG_WARN_CONSTANT_CONVERSION = YES;
				CLANG_WARN_DEPRECATED_OBJC_IMPLEMENTATIONS = YES;
				CLANG_WARN_DIRECT_OBJC_ISA_USAGE = YES_ERROR;
				CLANG_WARN_DOCUMENTATION_COMMENTS = YES;
				CLANG_WARN_EMPTY_BODY = YES;
				CLANG_WARN_ENUM_CONVERSION = YES;
				CLANG_WARN_INFINITE_RECURSION = YES;
				CLANG_WARN_INT_CONVERSION = YES;
				CLANG_WARN_NON_LITERAL_NULL_CONVERSION = YES;
				CLANG_WARN_OBJC_IMPLICIT_RETAIN_SELF = YES;
				CLANG_WARN_OBJC_LITERAL_CONVERSION = YES;
				CLANG_WARN_OBJC_ROOT_CLASS = YES_ERROR;
				CLANG_WARN_QUOTED_INCLUDE_IN_FRAMEWORK_HEADER = YES;
				CLANG_WARN_RANGE_LOOP_ANALYSIS = YES;
				CLANG_WARN_STRICT_PROTOTYPES = YES;
				CLANG_WARN_SUSPICIOUS_MOVE = YES;
				CLANG_WARN_UNGUARDED_AVAILABILITY = YES_AGGRESSIVE;
				CLANG_WARN_UNREACHABLE_CODE = YES;
				CLANG_WARN__DUPLICATE_METHOD_MATCH = YES;
				COPY_PHASE_STRIP = NO;
				DEBUG_INFORMATION_FORMAT = "dwarf-with-dsym";
				ENABLE_NS_ASSERTIONS = NO;
				ENABLE_STRICT_OBJC_MSGSEND = YES;
				ENABLE_USER_SCRIPT_SANDBOXING = YES;
				GCC_C_LANGUAGE_STANDARD = gnu17;
				GCC_NO_COMMON_BLOCKS = YES;
				GCC_WARN_64_TO_32_BIT_CONVERSION = YES;
				GCC_WARN_ABOUT_RETURN_TYPE = YES_ERROR;
				GCC_WARN_UNDECLARED_SELECTOR = YES;
				GCC_WARN_UNINITIALIZED_AUTOS = YES_AGGRESSIVE;
				GCC_WARN_UNUSED_FUNCTION = YES;
				GCC_WARN_UNUSED_VARIABLE = YES;
				IPHONEOS_DEPLOYMENT_TARGET = 18.2;
				LOCALIZATION_PREFERS_STRING_CATALOGS = YES;
				MTL_ENABLE_DEBUG_INFO = NO;
				MTL_FAST_MATH = YES;
				SDKROOT = iphoneos;
				SWIFT_COMPILATION_MODE = wholemodule;
				VALIDATE_PRODUCT = YES;
			};
			name = Release;
		};
/* End XCBuildConfiguration section */

/* Begin XCConfigurationList section */
		7F1087402D79CDFA004DEB92 /* Build configuration list for PBXProject "PrivatePhotoVault" */ = {
			isa = XCConfigurationList;
			buildConfigurations = (
				7F10875B2D79CDFC004DEB92 /* Debug */,
				7F10875C2D79CDFC004DEB92 /* Release */,
			);
			defaultConfigurationIsVisible = 0;
			defaultConfigurationName = Release;
		};
		7F1087582D79CDFC004DEB92 /* Build configuration list for PBXNativeTarget "PrivatePhotoVault" */ = {
			isa = XCConfigurationList;
			buildConfigurations = (
				7F1087592D79CDFC004DEB92 /* Debug */,
				7F10875A2D79CDFC004DEB92 /* Release */,
			);
			defaultConfigurationIsVisible = 0;
			defaultConfigurationName = Release;
		};
/* End XCConfigurationList section */

/* Begin XCRemoteSwiftPackageReference section */
		7F1087832D79D2DB004DEB92 /* XCRemoteSwiftPackageReference "Zip" */ = {
			isa = XCRemoteSwiftPackageReference;
			repositoryURL = "https://github.com/marmelroy/Zip.git";
			requirement = {
				kind = upToNextMajorVersion;
				minimumVersion = 2.1.2;
			};
		};
/* End XCRemoteSwiftPackageReference section */

/* Begin XCSwiftPackageProductDependency section */
		7F1087842D79D2DB004DEB92 /* Zip */ = {
			isa = XCSwiftPackageProductDependency;
			package = 7F1087832D79D2DB004DEB92 /* XCRemoteSwiftPackageReference "Zip" */;
			productName = Zip;
		};
/* End XCSwiftPackageProductDependency section */
	};
	rootObject = 7F10873D2D79CDFA004DEB92 /* Project object */;
}
